<?xml version="1.0" encoding="UTF-8"?>
<CodeBlocks_project_file>
	<FileVersion major="1" minor="6"/>
	<Project>
		<Option title="graphQ"/>
		<Option makefile_is_custom="1"/>
		<Option compiler="gcc"/>
		<Option virtualFolders="CMake Files\;CMake Files\src\;"/>
		<Build>
			<Target title="all">
				<Option working_dir="/Users/Polya/Documents/graphQ/buildDebug"/>
				<Option type="4"/>
				<MakeCommands>
					<Build command="/usr/bin/make -j4 -f &quot;/Users/Polya/Documents/graphQ/buildDebug/Makefile&quot;  VERBOSE=1 all"/>
					<CompileFile command="/usr/bin/make -j4 -f &quot;/Users/Polya/Documents/graphQ/buildDebug/Makefile&quot;  VERBOSE=1 &quot;$file&quot;"/>
					<Clean command="/usr/bin/make -j4 -f &quot;/Users/Polya/Documents/graphQ/buildDebug/Makefile&quot;  VERBOSE=1 clean"/>
					<DistClean command="/usr/bin/make -j4 -f &quot;/Users/Polya/Documents/graphQ/buildDebug/Makefile&quot;  VERBOSE=1 clean"/>
				</MakeCommands>
			</Target>
			<Target title="rebuild_cache">
				<Option working_dir="/Users/Polya/Documents/graphQ/buildDebug"/>
				<Option type="4"/>
				<MakeCommands>
					<Build command="/usr/bin/make -j4 -f &quot;/Users/Polya/Documents/graphQ/buildDebug/Makefile&quot;  VERBOSE=1 rebuild_cache"/>
					<CompileFile command="/usr/bin/make -j4 -f &quot;/Users/Polya/Documents/graphQ/buildDebug/Makefile&quot;  VERBOSE=1 &quot;$file&quot;"/>
					<Clean command="/usr/bin/make -j4 -f &quot;/Users/Polya/Documents/graphQ/buildDebug/Makefile&quot;  VERBOSE=1 clean"/>
					<DistClean command="/usr/bin/make -j4 -f &quot;/Users/Polya/Documents/graphQ/buildDebug/Makefile&quot;  VERBOSE=1 clean"/>
				</MakeCommands>
			</Target>
			<Target title="edit_cache">
				<Option working_dir="/Users/Polya/Documents/graphQ/buildDebug"/>
				<Option type="4"/>
				<MakeCommands>
					<Build command="/usr/bin/make -j4 -f &quot;/Users/Polya/Documents/graphQ/buildDebug/Makefile&quot;  VERBOSE=1 edit_cache"/>
					<CompileFile command="/usr/bin/make -j4 -f &quot;/Users/Polya/Documents/graphQ/buildDebug/Makefile&quot;  VERBOSE=1 &quot;$file&quot;"/>
					<Clean command="/usr/bin/make -j4 -f &quot;/Users/Polya/Documents/graphQ/buildDebug/Makefile&quot;  VERBOSE=1 clean"/>
					<DistClean command="/usr/bin/make -j4 -f &quot;/Users/Polya/Documents/graphQ/buildDebug/Makefile&quot;  VERBOSE=1 clean"/>
				</MakeCommands>
			</Target>
			<Target title="graphQ">
				<Option output="/Users/Polya/Documents/graphQ/buildDebug/graphQ" prefix_auto="0" extension_auto="0"/>
				<Option working_dir="/Users/Polya/Documents/graphQ/buildDebug"/>
				<Option object_output="./"/>
				<Option type="1"/>
				<Option compiler="gcc"/>
				<Compiler>
					<Add directory="/Users/Polya/Documents/graphQ"/>
					<Add directory="/usr/local/include"/>
					<Add directory="/Library/Developer/CommandLineTools/usr/include/c++/v1"/>
					<Add directory="/Library/Developer/CommandLineTools/usr/lib/clang/10.0.1/include"/>
					<Add directory="/Library/Developer/CommandLineTools/usr/include"/>
					<Add directory="/Library/Developer/CommandLineTools/SDKs/MacOSX10.14.sdk/usr/include"/>
					<Add directory="/Library/Developer/CommandLineTools/SDKs/MacOSX10.14.sdk/System/Library/Frameworks"/>
				</Compiler>
				<MakeCommands>
					<Build command="/usr/bin/make -j4 -f &quot;/Users/Polya/Documents/graphQ/buildDebug/Makefile&quot;  VERBOSE=1 graphQ"/>
					<CompileFile command="/usr/bin/make -j4 -f &quot;/Users/Polya/Documents/graphQ/buildDebug/Makefile&quot;  VERBOSE=1 &quot;$file&quot;"/>
					<Clean command="/usr/bin/make -j4 -f &quot;/Users/Polya/Documents/graphQ/buildDebug/Makefile&quot;  VERBOSE=1 clean"/>
					<DistClean command="/usr/bin/make -j4 -f &quot;/Users/Polya/Documents/graphQ/buildDebug/Makefile&quot;  VERBOSE=1 clean"/>
				</MakeCommands>
			</Target>
			<Target title="graphQ/fast">
				<Option output="/Users/Polya/Documents/graphQ/buildDebug/graphQ" prefix_auto="0" extension_auto="0"/>
				<Option working_dir="/Users/Polya/Documents/graphQ/buildDebug"/>
				<Option object_output="./"/>
				<Option type="1"/>
				<Option compiler="gcc"/>
				<Compiler>
					<Add directory="/Users/Polya/Documents/graphQ"/>
					<Add directory="/usr/local/include"/>
					<Add directory="/Library/Developer/CommandLineTools/usr/include/c++/v1"/>
					<Add directory="/Library/Developer/CommandLineTools/usr/lib/clang/10.0.1/include"/>
					<Add directory="/Library/Developer/CommandLineTools/usr/include"/>
					<Add directory="/Library/Developer/CommandLineTools/SDKs/MacOSX10.14.sdk/usr/include"/>
					<Add directory="/Library/Developer/CommandLineTools/SDKs/MacOSX10.14.sdk/System/Library/Frameworks"/>
				</Compiler>
				<MakeCommands>
					<Build command="/usr/bin/make -j4 -f &quot;/Users/Polya/Documents/graphQ/buildDebug/Makefile&quot;  VERBOSE=1 graphQ/fast"/>
					<CompileFile command="/usr/bin/make -j4 -f &quot;/Users/Polya/Documents/graphQ/buildDebug/Makefile&quot;  VERBOSE=1 &quot;$file&quot;"/>
					<Clean command="/usr/bin/make -j4 -f &quot;/Users/Polya/Documents/graphQ/buildDebug/Makefile&quot;  VERBOSE=1 clean"/>
					<DistClean command="/usr/bin/make -j4 -f &quot;/Users/Polya/Documents/graphQ/buildDebug/Makefile&quot;  VERBOSE=1 clean"/>
				</MakeCommands>
			</Target>
			<Target title="graphObj">
				<Option output="/Users/Polya/Documents/graphQ/buildDebug/src/libgraphObj.a" prefix_auto="0" extension_auto="0"/>
				<Option working_dir="/Users/Polya/Documents/graphQ/buildDebug/src"/>
				<Option object_output="./"/>
				<Option type="2"/>
				<Option compiler="gcc"/>
				<Compiler>
					<Add directory="/Users/Polya/Documents/graphQ"/>
					<Add directory="/Users/Polya/Documents/graphQ/src/../include"/>
					<Add directory="/usr/local/include"/>
					<Add directory="/Library/Developer/CommandLineTools/usr/include/c++/v1"/>
					<Add directory="/Library/Developer/CommandLineTools/usr/lib/clang/10.0.1/include"/>
					<Add directory="/Library/Developer/CommandLineTools/usr/include"/>
					<Add directory="/Library/Developer/CommandLineTools/SDKs/MacOSX10.14.sdk/usr/include"/>
					<Add directory="/Library/Developer/CommandLineTools/SDKs/MacOSX10.14.sdk/System/Library/Frameworks"/>
				</Compiler>
				<MakeCommands>
					<Build command="/usr/bin/make -j4 -f &quot;/Users/Polya/Documents/graphQ/buildDebug/src/Makefile&quot;  VERBOSE=1 graphObj"/>
					<CompileFile command="/usr/bin/make -j4 -f &quot;/Users/Polya/Documents/graphQ/buildDebug/src/Makefile&quot;  VERBOSE=1 &quot;$file&quot;"/>
					<Clean command="/usr/bin/make -j4 -f &quot;/Users/Polya/Documents/graphQ/buildDebug/src/Makefile&quot;  VERBOSE=1 clean"/>
					<DistClean command="/usr/bin/make -j4 -f &quot;/Users/Polya/Documents/graphQ/buildDebug/src/Makefile&quot;  VERBOSE=1 clean"/>
				</MakeCommands>
			</Target>
			<Target title="graphObj/fast">
				<Option output="/Users/Polya/Documents/graphQ/buildDebug/src/libgraphObj.a" prefix_auto="0" extension_auto="0"/>
				<Option working_dir="/Users/Polya/Documents/graphQ/buildDebug/src"/>
				<Option object_output="./"/>
				<Option type="2"/>
				<Option compiler="gcc"/>
				<Compiler>
					<Add directory="/Users/Polya/Documents/graphQ"/>
					<Add directory="/Users/Polya/Documents/graphQ/src/../include"/>
					<Add directory="/usr/local/include"/>
					<Add directory="/Library/Developer/CommandLineTools/usr/include/c++/v1"/>
					<Add directory="/Library/Developer/CommandLineTools/usr/lib/clang/10.0.1/include"/>
					<Add directory="/Library/Developer/CommandLineTools/usr/include"/>
					<Add directory="/Library/Developer/CommandLineTools/SDKs/MacOSX10.14.sdk/usr/include"/>
					<Add directory="/Library/Developer/CommandLineTools/SDKs/MacOSX10.14.sdk/System/Library/Frameworks"/>
				</Compiler>
				<MakeCommands>
					<Build command="/usr/bin/make -j4 -f &quot;/Users/Polya/Documents/graphQ/buildDebug/src/Makefile&quot;  VERBOSE=1 graphObj/fast"/>
					<CompileFile command="/usr/bin/make -j4 -f &quot;/Users/Polya/Documents/graphQ/buildDebug/src/Makefile&quot;  VERBOSE=1 &quot;$file&quot;"/>
					<Clean command="/usr/bin/make -j4 -f &quot;/Users/Polya/Documents/graphQ/buildDebug/src/Makefile&quot;  VERBOSE=1 clean"/>
					<DistClean command="/usr/bin/make -j4 -f &quot;/Users/Polya/Documents/graphQ/buildDebug/src/Makefile&quot;  VERBOSE=1 clean"/>
				</MakeCommands>
			</Target>
		</Build>
		<Unit filename="/Users/Polya/Documents/graphQ/main.cpp">
			<Option target="graphQ"/>
		</Unit>
		<Unit filename="/Users/Polya/Documents/graphQ/src/edgeContainer.cpp">
			<Option target="graphObj"/>
		</Unit>
		<Unit filename="/Users/Polya/Documents/graphQ/src/graphQ.cpp">
			<Option target="graphObj"/>
		</Unit>
		<Unit filename="/Users/Polya/Documents/graphQ/src/vertexContainer.cpp">
			<Option target="graphObj"/>
		</Unit>
		<Unit filename="/Users/Polya/Documents/graphQ/CMakeLists.txt">
			<Option virtualFolder="CMake Files\"/>
		</Unit>
		<Unit filename="/Users/Polya/Documents/graphQ/src/CMakeLists.txt">
			<Option virtualFolder="CMake Files\src\"/>
		</Unit>
	</Project>
</CodeBlocks_project_file>
